// !$*UTF8*$!
{
	archiveVersion = 1;
	classes = {
	};
	objectVersion = 46;
	objects = {

/* Begin PBXBuildFile section */
		AC4C71A51EB6AF930084D532 /* AppDelegate.swift in Sources */ = {isa = PBXBuildFile; fileRef = AC4C71A41EB6AF930084D532 /* AppDelegate.swift */; };
		AC4C71A71EB6AF930084D532 /* ViewController.swift in Sources */ = {isa = PBXBuildFile; fileRef = AC4C71A61EB6AF930084D532 /* ViewController.swift */; };
		AC4C71AA1EB6AF930084D532 /* Main.storyboard in Resources */ = {isa = PBXBuildFile; fileRef = AC4C71A81EB6AF930084D532 /* Main.storyboard */; };
		AC4C71AC1EB6AF930084D532 /* Assets.xcassets in Resources */ = {isa = PBXBuildFile; fileRef = AC4C71AB1EB6AF930084D532 /* Assets.xcassets */; };
		AC4C71AF1EB6AF930084D532 /* LaunchScreen.storyboard in Resources */ = {isa = PBXBuildFile; fileRef = AC4C71AD1EB6AF930084D532 /* LaunchScreen.storyboard */; };
		AC4C71BA1EB6AF930084D532 /* MemeMakerTests.swift in Sources */ = {isa = PBXBuildFile; fileRef = AC4C71B91EB6AF930084D532 /* MemeMakerTests.swift */; };
		AC4C71C51EB6B2E10084D532 /* Caption.swift in Sources */ = {isa = PBXBuildFile; fileRef = AC4C71C41EB6B2E10084D532 /* Caption.swift */; };
/* End PBXBuildFile section */

/* Begin PBXContainerItemProxy section */
		AC4C71B61EB6AF930084D532 /* PBXContainerItemProxy */ = {
			isa = PBXContainerItemProxy;
			containerPortal = AC4C71991EB6AF930084D532 /* Project object */;
			proxyType = 1;
			remoteGlobalIDString = AC4C71A01EB6AF930084D532;
			remoteInfo = MemeMaker;
		};
/* End PBXContainerItemProxy section */

/* Begin PBXFileReference section */
		AC4C71A11EB6AF930084D532 /* MemeMaker.app */ = {isa = PBXFileReference; explicitFileType = wrapper.application; includeInIndex = 0; path = MemeMaker.app; sourceTree = BUILT_PRODUCTS_DIR; };
		AC4C71A41EB6AF930084D532 /* AppDelegate.swift */ = {isa = PBXFileReference; lastKnownFileType = sourcecode.swift; path = AppDelegate.swift; sourceTree = "<group>"; };
		AC4C71A61EB6AF930084D532 /* ViewController.swift */ = {isa = PBXFileReference; lastKnownFileType = sourcecode.swift; path = ViewController.swift; sourceTree = "<group>"; };
		AC4C71A91EB6AF930084D532 /* Base */ = {isa = PBXFileReference; lastKnownFileType = file.storyboard; name = Base; path = Base.lproj/Main.storyboard; sourceTree = "<group>"; };
		AC4C71AB1EB6AF930084D532 /* Assets.xcassets */ = {isa = PBXFileReference; lastKnownFileType = folder.assetcatalog; path = Assets.xcassets; sourceTree = "<group>"; };
		AC4C71AE1EB6AF930084D532 /* Base */ = {isa = PBXFileReference; lastKnownFileType = file.storyboard; name = Base; path = Base.lproj/LaunchScreen.storyboard; sourceTree = "<group>"; };
		AC4C71B01EB6AF930084D532 /* Info.plist */ = {isa = PBXFileReference; lastKnownFileType = text.plist.xml; path = Info.plist; sourceTree = "<group>"; };
		AC4C71B51EB6AF930084D532 /* MemeMakerTests.xctest */ = {isa = PBXFileReference; explicitFileType = wrapper.cfbundle; includeInIndex = 0; path = MemeMakerTests.xctest; sourceTree = BUILT_PRODUCTS_DIR; };
		AC4C71B91EB6AF930084D532 /* MemeMakerTests.swift */ = {isa = PBXFileReference; lastKnownFileType = sourcecode.swift; path = MemeMakerTests.swift; sourceTree = "<group>"; };
		AC4C71BB1EB6AF930084D532 /* Info.plist */ = {isa = PBXFileReference; lastKnownFileType = text.plist.xml; path = Info.plist; sourceTree = "<group>"; };
		AC4C71C41EB6B2E10084D532 /* Caption.swift */ = {isa = PBXFileReference; fileEncoding = 4; lastKnownFileType = sourcecode.swift; name = Caption.swift; path = ../Caption.swift; sourceTree = "<group>"; };
/* End PBXFileReference section */

/* Begin PBXFrameworksBuildPhase section */
		AC4C719E1EB6AF930084D532 /* Frameworks */ = {
			isa = PBXFrameworksBuildPhase;
			buildActionMask = 2147483647;
			files = (
			);
			runOnlyForDeploymentPostprocessing = 0;
		};
		AC4C71B21EB6AF930084D532 /* Frameworks */ = {
			isa = PBXFrameworksBuildPhase;
			buildActionMask = 2147483647;
			files = (
			);
			runOnlyForDeploymentPostprocessing = 0;
		};
/* End PBXFrameworksBuildPhase section */

/* Begin PBXGroup section */
		AC4C71981EB6AF930084D532 = {
			isa = PBXGroup;
			children = (
				AC4C71A31EB6AF930084D532 /* MemeMaker */,
				AC4C71B81EB6AF930084D532 /* MemeMakerTests */,
				AC4C71A21EB6AF930084D532 /* Products */,
			);
			sourceTree = "<group>";
		};
		AC4C71A21EB6AF930084D532 /* Products */ = {
			isa = PBXGroup;
			children = (
				AC4C71A11EB6AF930084D532 /* MemeMaker.app */,
				AC4C71B51EB6AF930084D532 /* MemeMakerTests.xctest */,
			);
			name = Products;
			sourceTree = "<group>";
		};
		AC4C71A31EB6AF930084D532 /* MemeMaker */ = {
			isa = PBXGroup;
			children = (
				AC4C71A41EB6AF930084D532 /* AppDelegate.swift */,
				AC4C71A61EB6AF930084D532 /* ViewController.swift */,
				AC4C71C41EB6B2E10084D532 /* Caption.swift */,
				AC4C71A81EB6AF930084D532 /* Main.storyboard */,
				AC4C71AB1EB6AF930084D532 /* Assets.xcassets */,
				AC4C71AD1EB6AF930084D532 /* LaunchScreen.storyboard */,
				AC4C71B01EB6AF930084D532 /* Info.plist */,
			);
			path = MemeMaker;
			sourceTree = "<group>";
		};
		AC4C71B81EB6AF930084D532 /* MemeMakerTests */ = {
			isa = PBXGroup;
			children = (
				AC4C71B91EB6AF930084D532 /* MemeMakerTests.swift */,
				AC4C71BB1EB6AF930084D532 /* Info.plist */,
			);
			path = MemeMakerTests;
			sourceTree = "<group>";
		};
/* End PBXGroup section */

/* Begin PBXNativeTarget section */
		AC4C71A01EB6AF930084D532 /* MemeMaker */ = {
			isa = PBXNativeTarget;
			buildConfigurationList = AC4C71BE1EB6AF930084D532 /* Build configuration list for PBXNativeTarget "MemeMaker" */;
			buildPhases = (
				AC4C719D1EB6AF930084D532 /* Sources */,
				AC4C719E1EB6AF930084D532 /* Frameworks */,
				AC4C719F1EB6AF930084D532 /* Resources */,
			);
			buildRules = (
			);
			dependencies = (
			);
			name = MemeMaker;
			productName = MemeMaker;
			productReference = AC4C71A11EB6AF930084D532 /* MemeMaker.app */;
			productType = "com.apple.product-type.application";
		};
		AC4C71B41EB6AF930084D532 /* MemeMakerTests */ = {
			isa = PBXNativeTarget;
			buildConfigurationList = AC4C71C11EB6AF930084D532 /* Build configuration list for PBXNativeTarget "MemeMakerTests" */;
			buildPhases = (
				AC4C71B11EB6AF930084D532 /* Sources */,
				AC4C71B21EB6AF930084D532 /* Frameworks */,
				AC4C71B31EB6AF930084D532 /* Resources */,
			);
			buildRules = (
			);
			dependencies = (
				AC4C71B71EB6AF930084D532 /* PBXTargetDependency */,
			);
			name = MemeMakerTests;
			productName = MemeMakerTests;
			productReference = AC4C71B51EB6AF930084D532 /* MemeMakerTests.xctest */;
			productType = "com.apple.product-type.bundle.unit-test";
		};
/* End PBXNativeTarget section */

/* Begin PBXProject section */
		AC4C71991EB6AF930084D532 /* Project object */ = {
			isa = PBXProject;
			attributes = {
				LastSwiftUpdateCheck = 0830;
				LastUpgradeCheck = 0830;
				ORGANIZATIONNAME = MrAliGorithm;
				TargetAttributes = {
					AC4C71A01EB6AF930084D532 = {
						CreatedOnToolsVersion = 8.3.2;
						DevelopmentTeam = U3FSDK5XFF;
						ProvisioningStyle = Automatic;
					};
					AC4C71B41EB6AF930084D532 = {
						CreatedOnToolsVersion = 8.3.2;
						DevelopmentTeam = U3FSDK5XFF;
						ProvisioningStyle = Automatic;
						TestTargetID = AC4C71A01EB6AF930084D532;
					};
				};
			};
			buildConfigurationList = AC4C719C1EB6AF930084D532 /* Build configuration list for PBXProject "MemeMaker" */;
			compatibilityVersion = "Xcode 3.2";
			developmentRegion = English;
			hasScannedForEncodings = 0;
			knownRegions = (
				en,
				Base,
			);
			mainGroup = AC4C71981EB6AF930084D532;
			productRefGroup = AC4C71A21EB6AF930084D532 /* Products */;
			projectDirPath = "";
			projectRoot = "";
			targets = (
				AC4C71A01EB6AF930084D532 /* MemeMaker */,
				AC4C71B41EB6AF930084D532 /* MemeMakerTests */,
			);
		};
/* End PBXProject section */

/* Begin PBXResourcesBuildPhase section */
		AC4C719F1EB6AF930084D532 /* Resources */ = {
			isa = PBXResourcesBuildPhase;
			buildActionMask = 2147483647;
			files = (
				AC4C71AF1EB6AF930084D532 /* LaunchScreen.storyboard in Resources */,
				AC4C71AC1EB6AF930084D532 /* Assets.xcassets in Resources */,
				AC4C71AA1EB6AF930084D532 /* Main.storyboard in Resources */,
			);
			runOnlyForDeploymentPostprocessing = 0;
		};
		AC4C71B31EB6AF930084D532 /* Resources */ = {
			isa = PBXResourcesBuildPhase;
			buildActionMask = 2147483647;
			files = (
			);
			runOnlyForDeploymentPostprocessing = 0;
		};
/* End PBXResourcesBuildPhase section */

/* Begin PBXSourcesBuildPhase section */
		AC4C719D1EB6AF930084D532 /* Sources */ = {
			isa = PBXSourcesBuildPhase;
			buildActionMask = 2147483647;
			files = (
				AC4C71A71EB6AF930084D532 /* ViewController.swift in Sources */,
				AC4C71A51EB6AF930084D532 /* AppDelegate.swift in Sources */,
				AC4C71C51EB6B2E10084D532 /* Caption.swift in Sources */,
			);
			runOnlyForDeploymentPostprocessing = 0;
		};
		AC4C71B11EB6AF930084D532 /* Sources */ = {
			isa = PBXSourcesBuildPhase;
			buildActionMask = 2147483647;
			files = (
				AC4C71BA1EB6AF930084D532 /* MemeMakerTests.swift in Sources */,
			);
			runOnlyForDeploymentPostprocessing = 0;
		};
/* End PBXSourcesBuildPhase section */

/* Begin PBXTargetDependency section */
		AC4C71B71EB6AF930084D532 /* PBXTargetDependency */ = {
			isa = PBXTargetDependency;
			target = AC4C71A01EB6AF930084D532 /* MemeMaker */;
			targetProxy = AC4C71B61EB6AF930084D532 /* PBXContainerItemProxy */;
		};
/* End PBXTargetDependency section */

/* Begin PBXVariantGroup section */
		AC4C71A81EB6AF930084D532 /* Main.storyboard */ = {
			isa = PBXVariantGroup;
			children = (
				AC4C71A91EB6AF930084D532 /* Base */,
			);
			name = Main.storyboard;
			sourceTree = "<group>";
		};
		AC4C71AD1EB6AF930084D532 /* LaunchScreen.storyboard */ = {
			isa = PBXVariantGroup;
			children = (
				AC4C71AE1EB6AF930084D532 /* Base */,
			);
			name = LaunchScreen.storyboard;
			sourceTree = "<group>";
		};
/* End PBXVariantGroup section */

/* Begin XCBuildConfiguration section */
		AC4C71BC1EB6AF930084D532 /* Debug */ = {
			isa = XCBuildConfiguration;
			buildSettings = {
				ALWAYS_SEARCH_USER_PATHS = NO;
				CLANG_ANALYZER_NONNULL = YES;
				CLANG_ANALYZER_NUMBER_OBJECT_CONVERSION = YES_AGGRESSIVE;
				CLANG_CXX_LANGUAGE_STANDARD = "gnu++0x";
				CLANG_CXX_LIBRARY = "libc++";
				CLANG_ENABLE_MODULES = YES;
				CLANG_ENABLE_OBJC_ARC = YES;
				CLANG_WARN_BOOL_CONVERSION = YES;
				CLANG_WARN_CONSTANT_CONVERSION = YES;
				CLANG_WARN_DIRECT_OBJC_ISA_USAGE = YES_ERROR;
				CLANG_WARN_DOCUMENTATION_COMMENTS = YES;
				CLANG_WARN_EMPTY_BODY = YES;
				CLANG_WARN_ENUM_CONVERSION = YES;
				CLANG_WARN_INFINITE_RECURSION = YES;
				CLANG_WARN_INT_CONVERSION = YES;
				CLANG_WARN_OBJC_ROOT_CLASS = YES_ERROR;
				CLANG_WARN_SUSPICIOUS_MOVE = YES;
				CLANG_WARN_UNREACHABLE_CODE = YES;
				CLANG_WARN__DUPLICATE_METHOD_MATCH = YES;
				"CODE_SIGN_IDENTITY[sdk=iphoneos*]" = "iPhone Developer";
				COPY_PHASE_STRIP = NO;
				DEBUG_INFORMATION_FORMAT = dwarf;
				ENABLE_STRICT_OBJC_MSGSEND = YES;
				ENABLE_TESTABILITY = YES;
				GCC_C_LANGUAGE_STANDARD = gnu99;
				GCC_DYNAMIC_NO_PIC = NO;
				GCC_NO_COMMON_BLOCKS = YES;
				GCC_OPTIMIZATION_LEVEL = 0;
				GCC_PREPROCESSOR_DEFINITIONS = (
					"DEBUG=1",
					"$(inherited)",
				);
				GCC_WARN_64_TO_32_BIT_CONVERSION = YES;
				GCC_WARN_ABOUT_RETURN_TYPE = YES_ERROR;
				GCC_WARN_UNDECLARED_SELECTOR = YES;
				GCC_WARN_UNINITIALIZED_AUTOS = YES_AGGRESSIVE;
				GCC_WARN_UNUSED_FUNCTION = YES;
				GCC_WARN_UNUSED_VARIABLE = YES;
				IPHONEOS_DEPLOYMENT_TARGET = 10.3;
				MTL_ENABLE_DEBUG_INFO = YES;
				ONLY_ACTIVE_ARCH = YES;
				SDKROOT = iphoneos;
				SWIFT_ACTIVE_COMPILATION_CONDITIONS = DEBUG;
				SWIFT_OPTIMIZATION_LEVEL = "-Onone";
			};
			name = Debug;
		};
		AC4C71BD1EB6AF930084D532 /* Release */ = {
			isa = XCBuildConfiguration;
			buildSettings = {
				ALWAYS_SEARCH_USER_PATHS = NO;
				CLANG_ANALYZER_NONNULL = YES;
				CLANG_ANALYZER_NUMBER_OBJECT_CONVERSION = YES_AGGRESSIVE;
				CLANG_CXX_LANGUAGE_STANDARD = "gnu++0x";
				CLANG_CXX_LIBRARY = "libc++";
				CLANG_ENABLE_MODULES = YES;
				CLANG_ENABLE_OBJC_ARC = YES;
				CLANG_WARN_BOOL_CONVERSION = YES;
				CLANG_WARN_CONSTANT_CONVERSION = YES;
				CLANG_WARN_DIRECT_OBJC_ISA_USAGE = YES_ERROR;
				CLANG_WARN_DOCUMENTATION_COMMENTS = YES;
				CLANG_WARN_EMPTY_BODY = YES;
				CLANG_WARN_ENUM_CONVERSION = YES;
				CLANG_WARN_INFINITE_RECURSION = YES;
				CLANG_WARN_INT_CONVERSION = YES;
				CLANG_WARN_OBJC_ROOT_CLASS = YES_ERROR;
				CLANG_WARN_SUSPICIOUS_MOVE = YES;
				CLANG_WARN_UNREACHABLE_CODE = YES;
				CLANG_WARN__DUPLICATE_METHOD_MATCH = YES;
				"CODE_SIGN_IDENTITY[sdk=iphoneos*]" = "iPhone Developer";
				COPY_PHASE_STRIP = NO;
				DEBUG_INFORMATION_FORMAT = "dwarf-with-dsym";
				ENABLE_NS_ASSERTIONS = NO;
				ENABLE_STRICT_OBJC_MSGSEND = YES;
				GCC_C_LANGUAGE_STANDARD = gnu99;
				GCC_NO_COMMON_BLOCKS = YES;
				GCC_WARN_64_TO_32_BIT_CONVERSION = YES;
				GCC_WARN_ABOUT_RETURN_TYPE = YES_ERROR;
				GCC_WARN_UNDECLARED_SELECTOR = YES;
				GCC_WARN_UNINITIALIZED_AUTOS = YES_AGGRESSIVE;
				GCC_WARN_UNUSED_FUNCTION = YES;
				GCC_WARN_UNUSED_VARIABLE = YES;
				IPHONEOS_DEPLOYMENT_TARGET = 10.3;
				MTL_ENABLE_DEBUG_INFO = NO;
				SDKROOT = iphoneos;
				SWIFT_OPTIMIZATION_LEVEL = "-Owholemodule";
				VALIDATE_PRODUCT = YES;
			};
			name = Release;
		};
		AC4C71BF1EB6AF930084D532 /* Debug */ = {
			isa = XCBuildConfiguration;
			buildSettings = {
				ASSETCATALOG_COMPILER_APPICON_NAME = AppIcon;
				DEVELOPMENT_TEAM = U3FSDK5XFF;
				INFOPLIST_FILE = MemeMaker/Info.plist;
				LD_RUNPATH_SEARCH_PATHS = "$(inherited) @executable_path/Frameworks";
				PRODUCT_BUNDLE_IDENTIFIER = com.app.MemeMaker;
				PRODUCT_NAME = "$(TARGET_NAME)";
				SWIFT_VERSION = 3.0;
			};
			name = Debug;
		};
		AC4C71C01EB6AF930084D532 /* Release */ = {
			isa = XCBuildConfiguration;
			buildSettings = {
				ASSETCATALOG_COMPILER_APPICON_NAME = AppIcon;
				DEVELOPMENT_TEAM = U3FSDK5XFF;
				INFOPLIST_FILE = MemeMaker/Info.plist;
				LD_RUNPATH_SEARCH_PATHS = "$(inherited) @executable_path/Frameworks";
				PRODUCT_BUNDLE_IDENTIFIER = com.app.MemeMaker;
				PRODUCT_NAME = "$(TARGET_NAME)";
				SWIFT_VERSION = 3.0;
			};
			name = Release;
		};
		AC4C71C21EB6AF930084D532 /* Debug */ = {
			isa = XCBuildConfiguration;
			buildSettings = {
				ALWAYS_EMBED_SWIFT_STANDARD_LIBRARIES = YES;
				BUNDLE_LOADER = "$(TEST_HOST)";
				DEVELOPMENT_TEAM = U3FSDK5XFF;
				INFOPLIST_FILE = MemeMakerTests/Info.plist;
				LD_RUNPATH_SEARCH_PATHS = "$(inherited) @executable_path/Frameworks @loader_path/Frameworks";
				PRODUCT_BUNDLE_IDENTIFIER = com.app.MemeMakerTests;
				PRODUCT_NAME = "$(TARGET_NAME)";
				SWIFT_VERSION = 3.0;
				TEST_HOST = "$(BUILT_PRODUCTS_DIR)/MemeMaker.app/MemeMaker";
			};
			name = Debug;
		};
		AC4C71C31EB6AF930084D532 /* Release */ = {
			isa = XCBuildConfiguration;
			buildSettings = {
				ALWAYS_EMBED_SWIFT_STANDARD_LIBRARIES = YES;
				BUNDLE_LOADER = "$(TEST_HOST)";
				DEVELOPMENT_TEAM = U3FSDK5XFF;
				INFOPLIST_FILE = MemeMakerTests/Info.plist;
				LD_RUNPATH_SEARCH_PATHS = "$(inherited) @executable_path/Frameworks @loader_path/Frameworks";
				PRODUCT_BUNDLE_IDENTIFIER = com.app.MemeMakerTests;
				PRODUCT_NAME = "$(TARGET_NAME)";
				SWIFT_VERSION = 3.0;
				TEST_HOST = "$(BUILT_PRODUCTS_DIR)/MemeMaker.app/MemeMaker";
			};
			name = Release;
		};
/* End XCBuildConfiguration section */

/* Begin XCConfigurationList section */
		AC4C719C1EB6AF930084D532 /* Build configuration list for PBXProject "MemeMaker" */ = {
			isa = XCConfigurationList;
			buildConfigurations = (
				AC4C71BC1EB6AF930084D532 /* Debug */,
				AC4C71BD1EB6AF930084D532 /* Release */,
			);
			defaultConfigurationIsVisible = 0;
			defaultConfigurationName = Release;
		};
		AC4C71BE1EB6AF930084D532 /* Build configuration list for PBXNativeTarget "MemeMaker" */ = {
			isa = XCConfigurationList;
			buildConfigurations = (
				AC4C71BF1EB6AF930084D532 /* Debug */,
				AC4C71C01EB6AF930084D532 /* Release */,
			);
			defaultConfigurationIsVisible = 0;
		};
		AC4C71C11EB6AF930084D532 /* Build configuration list for PBXNativeTarget "MemeMakerTests" */ = {
			isa = XCConfigurationList;
			buildConfigurations = (
				AC4C71C21EB6AF930084D532 /* Debug */,
				AC4C71C31EB6AF930084D532 /* Release */,
			);
			defaultConfigurationIsVisible = 0;
		};
/* End XCConfigurationList section */
	};
	rootObject = AC4C71991EB6AF930084D532 /* Project object */;
}
